
Microsoft Visual Studio Solution File, Format Version 12.00
# Visual Studio 15
Project("{FAE04EC0-301F-11D3-BF4B-00C04F79EFBC}") = "QFSW.QC.Extras", "QFSW.QC.Extras.csproj", "{47ACA31D-A0F2-E53D-4634-8C5B7E3E196E}"
EndProject
Project("{FAE04EC0-301F-11D3-BF4B-00C04F79EFBC}") = "QFSW.QC.Grammar", "QFSW.QC.Grammar.csproj", "{84A27E4F-4A8D-5567-3C5A-5A0B6B006247}"
EndProject
Project("{FAE04EC0-301F-11D3-BF4B-00C04F79EFBC}") = "QFSW.QC", "QFSW.QC.csproj", "{CF14328F-DE4F-1E00-47DF-EBCA1D5466C5}"
EndProject
Project("{FAE04EC0-301F-11D3-BF4B-00C04F79EFBC}") = "QFSW.QC.Editor", "QFSW.QC.Editor.csproj", "{F1CE6C5D-34D5-043D-4D14-6447963EFEA2}"
EndProject
Project("{FAE04EC0-301F-11D3-BF4B-00C04F79EFBC}") = "QFSW.QC.Parsers", "QFSW.QC.Parsers.csproj", "{A36F763F-68A3-E1A5-9B90-1D3164E4D218}"
EndProject
Project("{FAE04EC0-301F-11D3-BF4B-00C04F79EFBC}") = "Assembly-CSharp", "Assembly-CSharp.csproj", "{21FDF9C2-EA4F-4802-59E6-CFD3334581E2}"
EndProject
Project("{FAE04EC0-301F-11D3-BF4B-00C04F79EFBC}") = "QFSW.QC.Editor.Tools", "QFSW.QC.Editor.Tools.csproj", "{9B59859C-6989-3B7F-D0B3-21762E5C1EB3}"
EndProject
Project("{FAE04EC0-301F-11D3-BF4B-00C04F79EFBC}") = "QFSW.QC.Serializers", "QFSW.QC.Serializers.csproj", "{E1E4548D-E1D1-111D-FABC-4A3B95C034CD}"
EndProject
Project("{FAE04EC0-301F-11D3-BF4B-00C04F79EFBC}") = "ParrelSync", "ParrelSync.csproj", "{3DA883D9-3DE4-09CC-08D8-8A19C8784794}"
EndProject
Project("{FAE04EC0-301F-11D3-BF4B-00C04F79EFBC}") = "QFSW.QC.QGUI", "QFSW.QC.QGUI.csproj", "{9F61A92C-0D69-9DBA-F87E-E281FFBEFBA1}"
EndProject
Project("{FAE04EC0-301F-11D3-BF4B-00C04F79EFBC}") = "QFSW.QC.UI", "QFSW.QC.UI.csproj", "{62C81C5C-05A1-0AB1-1537-A17BB7472F36}"
EndProject
Project("{FAE04EC0-301F-11D3-BF4B-00C04F79EFBC}") = "QFSW.QC.Suggestors", "QFSW.QC.Suggestors.csproj", "{52201DCB-3620-8EBD-0713-B0E4E89FCB8F}"
EndProject
Project("{FAE04EC0-301F-11D3-BF4B-00C04F79EFBC}") = "QFSW.QC.Demo", "QFSW.QC.Demo.csproj", "{FB27F059-58B5-D8C4-D224-53E4F95D5862}"
EndProject
Project("{FAE04EC0-301F-11D3-BF4B-00C04F79EFBC}") = "QFSW.QC.ScanRules", "QFSW.QC.ScanRules.csproj", "{89D8008B-6FA7-B066-7E24-A85C17D63368}"
EndProject
Global
	GlobalSection(SolutionConfigurationPlatforms) = preSolution
		Debug|Any CPU = Debug|Any CPU
		Release|Any CPU = Release|Any CPU
	EndGlobalSection
	GlobalSection(ProjectConfigurationPlatforms) = postSolution
		{47ACA31D-A0F2-E53D-4634-8C5B7E3E196E}.Debug|Any CPU.ActiveCfg = Debug|Any CPU
		{47ACA31D-A0F2-E53D-4634-8C5B7E3E196E}.Debug|Any CPU.Build.0 = Debug|Any CPU
		{47ACA31D-A0F2-E53D-4634-8C5B7E3E196E}.Release|Any CPU.ActiveCfg = Release|Any CPU
		{47ACA31D-A0F2-E53D-4634-8C5B7E3E196E}.Release|Any CPU.Build.0 = Release|Any CPU
		{84A27E4F-4A8D-5567-3C5A-5A0B6B006247}.Debug|Any CPU.ActiveCfg = Debug|Any CPU
		{84A27E4F-4A8D-5567-3C5A-5A0B6B006247}.Debug|Any CPU.Build.0 = Debug|Any CPU
		{84A27E4F-4A8D-5567-3C5A-5A0B6B006247}.Release|Any CPU.ActiveCfg = Release|Any CPU
		{84A27E4F-4A8D-5567-3C5A-5A0B6B006247}.Release|Any CPU.Build.0 = Release|Any CPU
		{CF14328F-DE4F-1E00-47DF-EBCA1D5466C5}.Debug|Any CPU.ActiveCfg = Debug|Any CPU
		{CF14328F-DE4F-1E00-47DF-EBCA1D5466C5}.Debug|Any CPU.Build.0 = Debug|Any CPU
		{CF14328F-DE4F-1E00-47DF-EBCA1D5466C5}.Release|Any CPU.ActiveCfg = Release|Any CPU
		{CF14328F-DE4F-1E00-47DF-EBCA1D5466C5}.Release|Any CPU.Build.0 = Release|Any CPU
		{F1CE6C5D-34D5-043D-4D14-6447963EFEA2}.Debug|Any CPU.ActiveCfg = Debug|Any CPU
		{F1CE6C5D-34D5-043D-4D14-6447963EFEA2}.Debug|Any CPU.Build.0 = Debug|Any CPU
		{F1CE6C5D-34D5-043D-4D14-6447963EFEA2}.Release|Any CPU.ActiveCfg = Release|Any CPU
		{F1CE6C5D-34D5-043D-4D14-6447963EFEA2}.Release|Any CPU.Build.0 = Release|Any CPU
		{A36F763F-68A3-E1A5-9B90-1D3164E4D218}.Debug|Any CPU.ActiveCfg = Debug|Any CPU
		{A36F763F-68A3-E1A5-9B90-1D3164E4D218}.Debug|Any CPU.Build.0 = Debug|Any CPU
		{A36F763F-68A3-E1A5-9B90-1D3164E4D218}.Release|Any CPU.ActiveCfg = Release|Any CPU
		{A36F763F-68A3-E1A5-9B90-1D3164E4D218}.Release|Any CPU.Build.0 = Release|Any CPU
		{21FDF9C2-EA4F-4802-59E6-CFD3334581E2}.Debug|Any CPU.ActiveCfg = Debug|Any CPU
		{21FDF9C2-EA4F-4802-59E6-CFD3334581E2}.Debug|Any CPU.Build.0 = Debug|Any CPU
		{21FDF9C2-EA4F-4802-59E6-CFD3334581E2}.Release|Any CPU.ActiveCfg = Release|Any CPU
		{21FDF9C2-EA4F-4802-59E6-CFD3334581E2}.Release|Any CPU.Build.0 = Release|Any CPU
		{9B59859C-6989-3B7F-D0B3-21762E5C1EB3}.Debug|Any CPU.ActiveCfg = Debug|Any CPU
		{9B59859C-6989-3B7F-D0B3-21762E5C1EB3}.Debug|Any CPU.Build.0 = Debug|Any CPU
		{9B59859C-6989-3B7F-D0B3-21762E5C1EB3}.Release|Any CPU.ActiveCfg = Release|Any CPU
		{9B59859C-6989-3B7F-D0B3-21762E5C1EB3}.Release|Any CPU.Build.0 = Release|Any CPU
		{E1E4548D-E1D1-111D-FABC-4A3B95C034CD}.Debug|Any CPU.ActiveCfg = Debug|Any CPU
		{E1E4548D-E1D1-111D-FABC-4A3B95C034CD}.Debug|Any CPU.Build.0 = Debug|Any CPU
		{E1E4548D-E1D1-111D-FABC-4A3B95C034CD}.Release|Any CPU.ActiveCfg = Release|Any CPU
		{E1E4548D-E1D1-111D-FABC-4A3B95C034CD}.Release|Any CPU.Build.0 = Release|Any CPU
		{3DA883D9-3DE4-09CC-08D8-8A19C8784794}.Debug|Any CPU.ActiveCfg = Debug|Any CPU
		{3DA883D9-3DE4-09CC-08D8-8A19C8784794}.Debug|Any CPU.Build.0 = Debug|Any CPU
		{3DA883D9-3DE4-09CC-08D8-8A19C8784794}.Release|Any CPU.ActiveCfg = Release|Any CPU
		{3DA883D9-3DE4-09CC-08D8-8A19C8784794}.Release|Any CPU.Build.0 = Release|Any CPU
		{9F61A92C-0D69-9DBA-F87E-E281FFBEFBA1}.Debug|Any CPU.ActiveCfg = Debug|Any CPU
		{9F61A92C-0D69-9DBA-F87E-E281FFBEFBA1}.Debug|Any CPU.Build.0 = Debug|Any CPU
		{9F61A92C-0D69-9DBA-F87E-E281FFBEFBA1}.Release|Any CPU.ActiveCfg = Release|Any CPU
		{9F61A92C-0D69-9DBA-F87E-E281FFBEFBA1}.Release|Any CPU.Build.0 = Release|Any CPU
		{62C81C5C-05A1-0AB1-1537-A17BB7472F36}.Debug|Any CPU.ActiveCfg = Debug|Any CPU
		{62C81C5C-05A1-0AB1-1537-A17BB7472F36}.Debug|Any CPU.Build.0 = Debug|Any CPU
		{62C81C5C-05A1-0AB1-1537-A17BB7472F36}.Release|Any CPU.ActiveCfg = Release|Any CPU
		{62C81C5C-05A1-0AB1-1537-A17BB7472F36}.Release|Any CPU.Build.0 = Release|Any CPU
		{52201DCB-3620-8EBD-0713-B0E4E89FCB8F}.Debug|Any CPU.ActiveCfg = Debug|Any CPU
		{52201DCB-3620-8EBD-0713-B0E4E89FCB8F}.Debug|Any CPU.Build.0 = Debug|Any CPU
		{52201DCB-3620-8EBD-0713-B0E4E89FCB8F}.Release|Any CPU.ActiveCfg = Release|Any CPU
		{52201DCB-3620-8EBD-0713-B0E4E89FCB8F}.Release|Any CPU.Build.0 = Release|Any CPU
		{FB27F059-58B5-D8C4-D224-53E4F95D5862}.Debug|Any CPU.ActiveCfg = Debug|Any CPU
		{FB27F059-58B5-D8C4-D224-53E4F95D5862}.Debug|Any CPU.Build.0 = Debug|Any CPU
		{FB27F059-58B5-D8C4-D224-53E4F95D5862}.Release|Any CPU.ActiveCfg = Release|Any CPU
		{FB27F059-58B5-D8C4-D224-53E4F95D5862}.Release|Any CPU.Build.0 = Release|Any CPU
		{89D8008B-6FA7-B066-7E24-A85C17D63368}.Debug|Any CPU.ActiveCfg = Debug|Any CPU
		{89D8008B-6FA7-B066-7E24-A85C17D63368}.Debug|Any CPU.Build.0 = Debug|Any CPU
		{89D8008B-6FA7-B066-7E24-A85C17D63368}.Release|Any CPU.ActiveCfg = Release|Any CPU
		{89D8008B-6FA7-B066-7E24-A85C17D63368}.Release|Any CPU.Build.0 = Release|Any CPU
	EndGlobalSection
	GlobalSection(SolutionProperties) = preSolution
		HideSolutionNode = FALSE
	EndGlobalSection
EndGlobal
